PODS:
  - AparajitaCapacitorSecureStorage (7.1.6):
    - Capacitor
    - KeychainSwift (~> 21.0)
  - Capacitor (7.5.0):
    - CapacitorCordova
  - CapacitorBarcodeScanner (2.5.0):
    - Capacitor
  - CapacitorCommunityMedia (8.0.1):
    - Capacitor
    - SDWebImage
  - CapacitorCordova (7.5.0)
  - CapacitorFilesystem (7.1.8):
    - Capacitor
    - IONFilesystemLib (~> 1.1.1)
  - CapacitorHaptics (7.0.3):
    - Capacitor
  - CapacitorPreferences (7.0.4):
    - Capacitor
  - CapacitorPushNotifications (7.0.5):
    - Capacitor
  - CapacitorShare (7.0.4):
    - Capacitor
  - CapacitorSplashScreen (7.0.5):
    - Capacitor
  - IONFilesystemLib (1.1.1)
  - KeychainSwift (21.0.0)
  - SDWebImage (5.19.7):
    - SDWebImage/Core (= 5.19.7)
  - SDWebImage/Core (5.19.7)

DEPENDENCIES:
  - "AparajitaCapacitorSecureStorage (from `../../node_modules/@aparajita/capacitor-secure-storage`)"
  - "Capacitor (from `../../node_modules/@capacitor/ios`)"
  - CapacitorBarcodeScanner (from `../../node_modules/capacitor-barcode-scanner`)
  - "CapacitorCommunityMedia (from `../../node_modules/@capacitor-community/media`)"
  - "CapacitorCordova (from `../../node_modules/@capacitor/ios`)"
  - "CapacitorFilesystem (from `../../node_modules/@capacitor/filesystem`)"
  - "CapacitorHaptics (from `../../node_modules/@capacitor/haptics`)"
  - "CapacitorPreferences (from `../../node_modules/@capacitor/preferences`)"
  - "CapacitorPushNotifications (from `../../node_modules/@capacitor/push-notifications`)"
  - "CapacitorShare (from `../../node_modules/@capacitor/share`)"
  - "CapacitorSplashScreen (from `../../node_modules/@capacitor/splash-screen`)"
  - SDWebImage (~> 5.19.0)

SPEC REPOS:
  trunk:
    - IONFilesystemLib
    - KeychainSwift
    - SDWebImage

EXTERNAL SOURCES:
  AparajitaCapacitorSecureStorage:
    :path: "../../node_modules/@aparajita/capacitor-secure-storage"
  Capacitor:
    :path: "../../node_modules/@capacitor/ios"
  CapacitorBarcodeScanner:
    :path: "../../node_modules/capacitor-barcode-scanner"
  CapacitorCommunityMedia:
    :path: "../../node_modules/@capacitor-community/media"
  CapacitorCordova:
    :path: "../../node_modules/@capacitor/ios"
  CapacitorFilesystem:
    :path: "../../node_modules/@capacitor/filesystem"
  CapacitorHaptics:
    :path: "../../node_modules/@capacitor/haptics"
  CapacitorPreferences:
    :path: "../../node_modules/@capacitor/preferences"
  CapacitorPushNotifications:
    :path: "../../node_modules/@capacitor/push-notifications"
  CapacitorShare:
    :path: "../../node_modules/@capacitor/share"
  CapacitorSplashScreen:
    :path: "../../node_modules/@capacitor/splash-screen"

SPEC CHECKSUMS:
  AparajitaCapacitorSecureStorage: 78f10ed02c0f1f409dc0e8e845c62587ac3a88f3
  Capacitor: 5f723a6113395cfef3bbabf0d2b8e9ca1201c681
  CapacitorBarcodeScanner: 2ba83ec6b451e4988f0e73c2432c8d4123f0eacc
  CapacitorCommunityMedia: fe394f8113ce60904fa41211a7c9f455a2dde5fc
  CapacitorCordova: ae35646a9b46cfd00d637f195509c86594026aad
  CapacitorFilesystem: dfb76ed83f886ee66cd6f555d347e103242edf29
  CapacitorHaptics: 09cecfd6aa3eab17b7f9f9eefcb60ac74c1686f2
  CapacitorPreferences: 3186b3589ba1f7a71916e1d86f7c843c5a481bbd
  CapacitorPushNotifications: 3e4170a07f9e649a4ddfbbfa4bee46974cd7e342
  CapacitorShare: 0075e3bf486f01b521ae9e1812ddd833df96cd11
  CapacitorSplashScreen: fe9384f9a8cb8c48180497d05c2354c890badaa2
  IONFilesystemLib: dfa8706539ac9ab77ccfd6e5b3830ce9b5e57f6c
  KeychainSwift: 4a71a45c802fd9e73906457c2dcbdbdc06c9419d
  SDWebImage: 8a6b7b160b4d710e2a22b6900e25301075c34cb3

PODFILE CHECKSUM: 3de37755e42652b802895e98dfe70ecbda546ed6

COCOAPODS: 1.16.2
